// !$*UTF8*$!
{
	archiveVersion = 1;
	classes = {
	};
	objectVersion = 50;
	objects = {

/* Begin PBXBuildFile section */
		49AEA2A326333B550072453E /* PartyPlanner.swift in Sources */ = {isa = PBXBuildFile; fileRef = 49AEA2A226333B550072453E /* PartyPlanner.swift */; };
		49AEA2A526333B550072453E /* ContentView.swift in Sources */ = {isa = PBXBuildFile; fileRef = 49AEA2A426333B550072453E /* ContentView.swift */; };
		49AEA2A726333B570072453E /* Assets.xcassets in Resources */ = {isa = PBXBuildFile; fileRef = 49AEA2A626333B570072453E /* Assets.xcassets */; };
		49AEA2AA26333B570072453E /* Preview Assets.xcassets in Resources */ = {isa = PBXBuildFile; fileRef = 49AEA2A926333B570072453E /* Preview Assets.xcassets */; };
		49AEA2B526333B570072453E /* PartyPlanner.swift in Sources */ = {isa = PBXBuildFile; fileRef = 49AEA2B426333B570072453E /* PartyPlanner.swift */; };
		49AEA2C026333B570072453E /* PartyPlannerUITests.swift in Sources */ = {isa = PBXBuildFile; fileRef = 49AEA2BF26333B570072453E /* PartyPlannerUITests.swift */; };
		49AEA35D26381DF80072453E /* Dog.swift in Sources */ = {isa = PBXBuildFile; fileRef = 49AEA35C26381DF80072453E /* Dog.swift */; };
		49AEA36226381E1E0072453E /* DogRepository.swift in Sources */ = {isa = PBXBuildFile; fileRef = 49AEA36126381E1E0072453E /* DogRepository.swift */; };
		A0AFCED4264043B10043361F /* EventListView.swift in Sources */ = {isa = PBXBuildFile; fileRef = A0AFCED3264043B10043361F /* EventListView.swift */; };
		A0AFCED6264044F60043361F /* Event.swift in Sources */ = {isa = PBXBuildFile; fileRef = A0AFCED5264044F60043361F /* Event.swift */; };
		A0AFCED8264045F20043361F /* Item.swift in Sources */ = {isa = PBXBuildFile; fileRef = A0AFCED7264045F20043361F /* Item.swift */; };
		FF7F93D1264179D50085719D /* Style.swift in Sources */ = {isa = PBXBuildFile; fileRef = FF7F93D0264179D50085719D /* Style.swift */; };
		FF7F93D72641907A0085719D /* SearchBar.swift in Sources */ = {isa = PBXBuildFile; fileRef = FF7F93D62641907A0085719D /* SearchBar.swift */; };
		FF7F93E2264194770085719D /* EventController.swift in Sources */ = {isa = PBXBuildFile; fileRef = FF7F93E1264194770085719D /* EventController.swift */; };
/* End PBXBuildFile section */

/* Begin PBXContainerItemProxy section */
		49AEA2B126333B570072453E /* PBXContainerItemProxy */ = {
			isa = PBXContainerItemProxy;
			containerPortal = 49AEA29726333B550072453E /* Project object */;
			proxyType = 1;
			remoteGlobalIDString = 49AEA29E26333B550072453E;
			remoteInfo = SwiftUITutorial;
		};
		49AEA2BC26333B570072453E /* PBXContainerItemProxy */ = {
			isa = PBXContainerItemProxy;
			containerPortal = 49AEA29726333B550072453E /* Project object */;
			proxyType = 1;
			remoteGlobalIDString = 49AEA29E26333B550072453E;
			remoteInfo = SwiftUITutorial;
		};
/* End PBXContainerItemProxy section */

/* Begin PBXFileReference section */
		49AEA29F26333B550072453E /* PartyPlanner.app */ = {isa = PBXFileReference; explicitFileType = wrapper.application; includeInIndex = 0; path = PartyPlanner.app; sourceTree = BUILT_PRODUCTS_DIR; };
		49AEA2A226333B550072453E /* PartyPlanner.swift */ = {isa = PBXFileReference; lastKnownFileType = sourcecode.swift; path = PartyPlanner.swift; sourceTree = "<group>"; };
		49AEA2A426333B550072453E /* ContentView.swift */ = {isa = PBXFileReference; lastKnownFileType = sourcecode.swift; path = ContentView.swift; sourceTree = "<group>"; };
		49AEA2A626333B570072453E /* Assets.xcassets */ = {isa = PBXFileReference; lastKnownFileType = folder.assetcatalog; path = Assets.xcassets; sourceTree = "<group>"; };
		49AEA2A926333B570072453E /* Preview Assets.xcassets */ = {isa = PBXFileReference; lastKnownFileType = folder.assetcatalog; path = "Preview Assets.xcassets"; sourceTree = "<group>"; };
		49AEA2AB26333B570072453E /* Info.plist */ = {isa = PBXFileReference; lastKnownFileType = text.plist.xml; path = Info.plist; sourceTree = "<group>"; };
		49AEA2B026333B570072453E /* PartyPlannerTests.xctest */ = {isa = PBXFileReference; explicitFileType = wrapper.cfbundle; includeInIndex = 0; path = PartyPlannerTests.xctest; sourceTree = BUILT_PRODUCTS_DIR; };
		49AEA2B426333B570072453E /* PartyPlanner.swift */ = {isa = PBXFileReference; lastKnownFileType = sourcecode.swift; path = PartyPlanner.swift; sourceTree = "<group>"; };
		49AEA2B626333B570072453E /* Info.plist */ = {isa = PBXFileReference; lastKnownFileType = text.plist.xml; path = Info.plist; sourceTree = "<group>"; };
		49AEA2BB26333B570072453E /* PartyPlannerUITests.xctest */ = {isa = PBXFileReference; explicitFileType = wrapper.cfbundle; includeInIndex = 0; path = PartyPlannerUITests.xctest; sourceTree = BUILT_PRODUCTS_DIR; };
		49AEA2BF26333B570072453E /* PartyPlannerUITests.swift */ = {isa = PBXFileReference; lastKnownFileType = sourcecode.swift; path = PartyPlannerUITests.swift; sourceTree = "<group>"; };
		49AEA2C126333B570072453E /* Info.plist */ = {isa = PBXFileReference; lastKnownFileType = text.plist.xml; path = Info.plist; sourceTree = "<group>"; };
		49AEA35C26381DF80072453E /* Dog.swift */ = {isa = PBXFileReference; lastKnownFileType = sourcecode.swift; path = Dog.swift; sourceTree = "<group>"; };
		49AEA36126381E1E0072453E /* DogRepository.swift */ = {isa = PBXFileReference; lastKnownFileType = sourcecode.swift; path = DogRepository.swift; sourceTree = "<group>"; };
		A0AFCED3264043B10043361F /* EventListView.swift */ = {isa = PBXFileReference; lastKnownFileType = sourcecode.swift; path = EventListView.swift; sourceTree = "<group>"; };
		A0AFCED5264044F60043361F /* Event.swift */ = {isa = PBXFileReference; lastKnownFileType = sourcecode.swift; path = Event.swift; sourceTree = "<group>"; };
		A0AFCED7264045F20043361F /* Item.swift */ = {isa = PBXFileReference; lastKnownFileType = sourcecode.swift; path = Item.swift; sourceTree = "<group>"; };
		FF7F93D0264179D50085719D /* Style.swift */ = {isa = PBXFileReference; lastKnownFileType = sourcecode.swift; path = Style.swift; sourceTree = "<group>"; };
		FF7F93D62641907A0085719D /* SearchBar.swift */ = {isa = PBXFileReference; lastKnownFileType = sourcecode.swift; path = SearchBar.swift; sourceTree = "<group>"; };
		FF7F93E1264194770085719D /* EventController.swift */ = {isa = PBXFileReference; lastKnownFileType = sourcecode.swift; path = EventController.swift; sourceTree = "<group>"; };
/* End PBXFileReference section */

/* Begin PBXFrameworksBuildPhase section */
		49AEA29C26333B550072453E /* Frameworks */ = {
			isa = PBXFrameworksBuildPhase;
			buildActionMask = 2147483647;
			files = (
			);
			runOnlyForDeploymentPostprocessing = 0;
		};
		49AEA2AD26333B570072453E /* Frameworks */ = {
			isa = PBXFrameworksBuildPhase;
			buildActionMask = 2147483647;
			files = (
			);
			runOnlyForDeploymentPostprocessing = 0;
		};
		49AEA2B826333B570072453E /* Frameworks */ = {
			isa = PBXFrameworksBuildPhase;
			buildActionMask = 2147483647;
			files = (
			);
			runOnlyForDeploymentPostprocessing = 0;
		};
/* End PBXFrameworksBuildPhase section */

/* Begin PBXGroup section */
		49AEA29626333B550072453E = {
			isa = PBXGroup;
			children = (
				49AEA2A126333B550072453E /* PartyPlanner */,
				49AEA2B326333B570072453E /* PartyPlannerTests */,
				49AEA2BE26333B570072453E /* PartyPlannerUITests */,
				49AEA2A026333B550072453E /* Products */,
			);
			sourceTree = "<group>";
		};
		49AEA2A026333B550072453E /* Products */ = {
			isa = PBXGroup;
			children = (
				49AEA29F26333B550072453E /* PartyPlanner.app */,
				49AEA2B026333B570072453E /* PartyPlannerTests.xctest */,
				49AEA2BB26333B570072453E /* PartyPlannerUITests.xctest */,
			);
			name = Products;
			sourceTree = "<group>";
		};
		49AEA2A126333B550072453E /* PartyPlanner */ = {
			isa = PBXGroup;
			children = (
				FF7F93D52641905C0085719D /* Components */,
				49AEA2A426333B550072453E /* ContentView.swift */,
				A0AFCED3264043B10043361F /* EventListView.swift */,
				49AEA2A226333B550072453E /* PartyPlanner.swift */,
				49AEA2A626333B570072453E /* Assets.xcassets */,
				49AEA2AB26333B570072453E /* Info.plist */,
				49AEA2A826333B570072453E /* Preview Content */,
				A0AFCED5264044F60043361F /* Event.swift */,
				49AEA35C26381DF80072453E /* Dog.swift */,
				49AEA36126381E1E0072453E /* DogRepository.swift */,
				A0AFCED7264045F20043361F /* Item.swift */,
				FF7F93D0264179D50085719D /* Style.swift */,
				FF7F93E1264194770085719D /* EventController.swift */,
			);
			path = PartyPlanner;
			sourceTree = "<group>";
		};
		49AEA2A826333B570072453E /* Preview Content */ = {
			isa = PBXGroup;
			children = (
				49AEA2A926333B570072453E /* Preview Assets.xcassets */,
			);
			path = "Preview Content";
			sourceTree = "<group>";
		};
		49AEA2B326333B570072453E /* PartyPlannerTests */ = {
			isa = PBXGroup;
			children = (
				49AEA2B426333B570072453E /* PartyPlanner.swift */,
				49AEA2B626333B570072453E /* Info.plist */,
			);
			path = PartyPlannerTests;
			sourceTree = "<group>";
		};
		49AEA2BE26333B570072453E /* PartyPlannerUITests */ = {
			isa = PBXGroup;
			children = (
				49AEA2BF26333B570072453E /* PartyPlannerUITests.swift */,
				49AEA2C126333B570072453E /* Info.plist */,
			);
			path = PartyPlannerUITests;
			sourceTree = "<group>";
		};
		FF7F93D52641905C0085719D /* Components */ = {
			isa = PBXGroup;
			children = (
				FF7F93D62641907A0085719D /* SearchBar.swift */,
			);
			path = Components;
			sourceTree = "<group>";
		};
/* End PBXGroup section */

/* Begin PBXNativeTarget section */
		49AEA29E26333B550072453E /* PartyPlanner */ = {
			isa = PBXNativeTarget;
			buildConfigurationList = 49AEA2C426333B570072453E /* Build configuration list for PBXNativeTarget "PartyPlanner" */;
			buildPhases = (
				49AEA29B26333B550072453E /* Sources */,
				49AEA29C26333B550072453E /* Frameworks */,
				49AEA29D26333B550072453E /* Resources */,
			);
			buildRules = (
			);
			dependencies = (
			);
			name = PartyPlanner;
			productName = SwiftUITutorial;
			productReference = 49AEA29F26333B550072453E /* PartyPlanner.app */;
			productType = "com.apple.product-type.application";
		};
		49AEA2AF26333B570072453E /* PartyPlannerTests */ = {
			isa = PBXNativeTarget;
			buildConfigurationList = 49AEA2C726333B570072453E /* Build configuration list for PBXNativeTarget "PartyPlannerTests" */;
			buildPhases = (
				49AEA2AC26333B570072453E /* Sources */,
				49AEA2AD26333B570072453E /* Frameworks */,
				49AEA2AE26333B570072453E /* Resources */,
			);
			buildRules = (
			);
			dependencies = (
				49AEA2B226333B570072453E /* PBXTargetDependency */,
			);
			name = PartyPlannerTests;
			productName = SwiftUITutorialTests;
			productReference = 49AEA2B026333B570072453E /* PartyPlannerTests.xctest */;
			productType = "com.apple.product-type.bundle.unit-test";
		};
		49AEA2BA26333B570072453E /* PartyPlannerUITests */ = {
			isa = PBXNativeTarget;
			buildConfigurationList = 49AEA2CA26333B570072453E /* Build configuration list for PBXNativeTarget "PartyPlannerUITests" */;
			buildPhases = (
				49AEA2B726333B570072453E /* Sources */,
				49AEA2B826333B570072453E /* Frameworks */,
				49AEA2B926333B570072453E /* Resources */,
			);
			buildRules = (
			);
			dependencies = (
				49AEA2BD26333B570072453E /* PBXTargetDependency */,
			);
			name = PartyPlannerUITests;
			productName = SwiftUITutorialUITests;
			productReference = 49AEA2BB26333B570072453E /* PartyPlannerUITests.xctest */;
			productType = "com.apple.product-type.bundle.ui-testing";
		};
/* End PBXNativeTarget section */

/* Begin PBXProject section */
		49AEA29726333B550072453E /* Project object */ = {
			isa = PBXProject;
			attributes = {
				LastSwiftUpdateCheck = 1240;
				LastUpgradeCheck = 1240;
				TargetAttributes = {
					49AEA29E26333B550072453E = {
						CreatedOnToolsVersion = 12.4;
					};
					49AEA2AF26333B570072453E = {
						CreatedOnToolsVersion = 12.4;
						TestTargetID = 49AEA29E26333B550072453E;
					};
					49AEA2BA26333B570072453E = {
						CreatedOnToolsVersion = 12.4;
						TestTargetID = 49AEA29E26333B550072453E;
					};
				};
			};
			buildConfigurationList = 49AEA29A26333B550072453E /* Build configuration list for PBXProject "PartyPlanner" */;
			compatibilityVersion = "Xcode 9.3";
			developmentRegion = en;
			hasScannedForEncodings = 0;
			knownRegions = (
				en,
				Base,
			);
			mainGroup = 49AEA29626333B550072453E;
			productRefGroup = 49AEA2A026333B550072453E /* Products */;
			projectDirPath = "";
			projectRoot = "";
			targets = (
				49AEA29E26333B550072453E /* PartyPlanner */,
				49AEA2AF26333B570072453E /* PartyPlannerTests */,
				49AEA2BA26333B570072453E /* PartyPlannerUITests */,
			);
		};
/* End PBXProject section */

/* Begin PBXResourcesBuildPhase section */
		49AEA29D26333B550072453E /* Resources */ = {
			isa = PBXResourcesBuildPhase;
			buildActionMask = 2147483647;
			files = (
				49AEA2AA26333B570072453E /* Preview Assets.xcassets in Resources */,
				49AEA2A726333B570072453E /* Assets.xcassets in Resources */,
			);
			runOnlyForDeploymentPostprocessing = 0;
		};
		49AEA2AE26333B570072453E /* Resources */ = {
			isa = PBXResourcesBuildPhase;
			buildActionMask = 2147483647;
			files = (
			);
			runOnlyForDeploymentPostprocessing = 0;
		};
		49AEA2B926333B570072453E /* Resources */ = {
			isa = PBXResourcesBuildPhase;
			buildActionMask = 2147483647;
			files = (
			);
			runOnlyForDeploymentPostprocessing = 0;
		};
/* End PBXResourcesBuildPhase section */

/* Begin PBXSourcesBuildPhase section */
		49AEA29B26333B550072453E /* Sources */ = {
			isa = PBXSourcesBuildPhase;
			buildActionMask = 2147483647;
			files = (
				49AEA36226381E1E0072453E /* DogRepository.swift in Sources */,
				49AEA2A526333B550072453E /* ContentView.swift in Sources */,
				49AEA2A326333B550072453E /* PartyPlanner.swift in Sources */,
				A0AFCED4264043B10043361F /* EventListView.swift in Sources */,
				A0AFCED8264045F20043361F /* Item.swift in Sources */,
				FF7F93D72641907A0085719D /* SearchBar.swift in Sources */,
				A0AFCED6264044F60043361F /* Event.swift in Sources */,
				49AEA35D26381DF80072453E /* Dog.swift in Sources */,
				FF7F93E2264194770085719D /* EventController.swift in Sources */,
				FF7F93D1264179D50085719D /* Style.swift in Sources */,
			);
			runOnlyForDeploymentPostprocessing = 0;
		};
		49AEA2AC26333B570072453E /* Sources */ = {
			isa = PBXSourcesBuildPhase;
			buildActionMask = 2147483647;
			files = (
				49AEA2B526333B570072453E /* PartyPlanner.swift in Sources */,
			);
			runOnlyForDeploymentPostprocessing = 0;
		};
		49AEA2B726333B570072453E /* Sources */ = {
			isa = PBXSourcesBuildPhase;
			buildActionMask = 2147483647;
			files = (
				49AEA2C026333B570072453E /* PartyPlannerUITests.swift in Sources */,
			);
			runOnlyForDeploymentPostprocessing = 0;
		};
/* End PBXSourcesBuildPhase section */

/* Begin PBXTargetDependency section */
		49AEA2B226333B570072453E /* PBXTargetDependency */ = {
			isa = PBXTargetDependency;
			target = 49AEA29E26333B550072453E /* PartyPlanner */;
			targetProxy = 49AEA2B126333B570072453E /* PBXContainerItemProxy */;
		};
		49AEA2BD26333B570072453E /* PBXTargetDependency */ = {
			isa = PBXTargetDependency;
			target = 49AEA29E26333B550072453E /* PartyPlanner */;
			targetProxy = 49AEA2BC26333B570072453E /* PBXContainerItemProxy */;
		};
/* End PBXTargetDependency section */

/* Begin XCBuildConfiguration section */
		49AEA2C226333B570072453E /* Debug */ = {
			isa = XCBuildConfiguration;
			buildSettings = {
				ALWAYS_SEARCH_USER_PATHS = NO;
				CLANG_ANALYZER_NONNULL = YES;
				CLANG_ANALYZER_NUMBER_OBJECT_CONVERSION = YES_AGGRESSIVE;
				CLANG_CXX_LANGUAGE_STANDARD = "gnu++14";
				CLANG_CXX_LIBRARY = "libc++";
				CLANG_ENABLE_MODULES = YES;
				CLANG_ENABLE_OBJC_ARC = YES;
				CLANG_ENABLE_OBJC_WEAK = YES;
				CLANG_WARN_BLOCK_CAPTURE_AUTORELEASING = YES;
				CLANG_WARN_BOOL_CONVERSION = YES;
				CLANG_WARN_COMMA = YES;
				CLANG_WARN_CONSTANT_CONVERSION = YES;
				CLANG_WARN_DEPRECATED_OBJC_IMPLEMENTATIONS = YES;
				CLANG_WARN_DIRECT_OBJC_ISA_USAGE = YES_ERROR;
				CLANG_WARN_DOCUMENTATION_COMMENTS = YES;
				CLANG_WARN_EMPTY_BODY = YES;
				CLANG_WARN_ENUM_CONVERSION = YES;
				CLANG_WARN_INFINITE_RECURSION = YES;
				CLANG_WARN_INT_CONVERSION = YES;
				CLANG_WARN_NON_LITERAL_NULL_CONVERSION = YES;
				CLANG_WARN_OBJC_IMPLICIT_RETAIN_SELF = YES;
				CLANG_WARN_OBJC_LITERAL_CONVERSION = YES;
				CLANG_WARN_OBJC_ROOT_CLASS = YES_ERROR;
				CLANG_WARN_QUOTED_INCLUDE_IN_FRAMEWORK_HEADER = YES;
				CLANG_WARN_RANGE_LOOP_ANALYSIS = YES;
				CLANG_WARN_STRICT_PROTOTYPES = YES;
				CLANG_WARN_SUSPICIOUS_MOVE = YES;
				CLANG_WARN_UNGUARDED_AVAILABILITY = YES_AGGRESSIVE;
				CLANG_WARN_UNREACHABLE_CODE = YES;
				CLANG_WARN__DUPLICATE_METHOD_MATCH = YES;
				COPY_PHASE_STRIP = NO;
				DEBUG_INFORMATION_FORMAT = dwarf;
				ENABLE_STRICT_OBJC_MSGSEND = YES;
				ENABLE_TESTABILITY = YES;
				GCC_C_LANGUAGE_STANDARD = gnu11;
				GCC_DYNAMIC_NO_PIC = NO;
				GCC_NO_COMMON_BLOCKS = YES;
				GCC_OPTIMIZATION_LEVEL = 0;
				GCC_PREPROCESSOR_DEFINITIONS = (
					"DEBUG=1",
					"$(inherited)",
				);
				GCC_WARN_64_TO_32_BIT_CONVERSION = YES;
				GCC_WARN_ABOUT_RETURN_TYPE = YES_ERROR;
				GCC_WARN_UNDECLARED_SELECTOR = YES;
				GCC_WARN_UNINITIALIZED_AUTOS = YES_AGGRESSIVE;
				GCC_WARN_UNUSED_FUNCTION = YES;
				GCC_WARN_UNUSED_VARIABLE = YES;
				IPHONEOS_DEPLOYMENT_TARGET = 14.4;
				MTL_ENABLE_DEBUG_INFO = INCLUDE_SOURCE;
				MTL_FAST_MATH = YES;
				ONLY_ACTIVE_ARCH = YES;
				SDKROOT = iphoneos;
				SWIFT_ACTIVE_COMPILATION_CONDITIONS = DEBUG;
				SWIFT_OPTIMIZATION_LEVEL = "-Onone";
			};
			name = Debug;
		};
		49AEA2C326333B570072453E /* Release */ = {
			isa = XCBuildConfiguration;
			buildSettings = {
				ALWAYS_SEARCH_USER_PATHS = NO;
				CLANG_ANALYZER_NONNULL = YES;
				CLANG_ANALYZER_NUMBER_OBJECT_CONVERSION = YES_AGGRESSIVE;
				CLANG_CXX_LANGUAGE_STANDARD = "gnu++14";
				CLANG_CXX_LIBRARY = "libc++";
				CLANG_ENABLE_MODULES = YES;
				CLANG_ENABLE_OBJC_ARC = YES;
				CLANG_ENABLE_OBJC_WEAK = YES;
				CLANG_WARN_BLOCK_CAPTURE_AUTORELEASING = YES;
				CLANG_WARN_BOOL_CONVERSION = YES;
				CLANG_WARN_COMMA = YES;
				CLANG_WARN_CONSTANT_CONVERSION = YES;
				CLANG_WARN_DEPRECATED_OBJC_IMPLEMENTATIONS = YES;
				CLANG_WARN_DIRECT_OBJC_ISA_USAGE = YES_ERROR;
				CLANG_WARN_DOCUMENTATION_COMMENTS = YES;
				CLANG_WARN_EMPTY_BODY = YES;
				CLANG_WARN_ENUM_CONVERSION = YES;
				CLANG_WARN_INFINITE_RECURSION = YES;
				CLANG_WARN_INT_CONVERSION = YES;
				CLANG_WARN_NON_LITERAL_NULL_CONVERSION = YES;
				CLANG_WARN_OBJC_IMPLICIT_RETAIN_SELF = YES;
				CLANG_WARN_OBJC_LITERAL_CONVERSION = YES;
				CLANG_WARN_OBJC_ROOT_CLASS = YES_ERROR;
				CLANG_WARN_QUOTED_INCLUDE_IN_FRAMEWORK_HEADER = YES;
				CLANG_WARN_RANGE_LOOP_ANALYSIS = YES;
				CLANG_WARN_STRICT_PROTOTYPES = YES;
				CLANG_WARN_SUSPICIOUS_MOVE = YES;
				CLANG_WARN_UNGUARDED_AVAILABILITY = YES_AGGRESSIVE;
				CLANG_WARN_UNREACHABLE_CODE = YES;
				CLANG_WARN__DUPLICATE_METHOD_MATCH = YES;
				COPY_PHASE_STRIP = NO;
				DEBUG_INFORMATION_FORMAT = "dwarf-with-dsym";
				ENABLE_NS_ASSERTIONS = NO;
				ENABLE_STRICT_OBJC_MSGSEND = YES;
				GCC_C_LANGUAGE_STANDARD = gnu11;
				GCC_NO_COMMON_BLOCKS = YES;
				GCC_WARN_64_TO_32_BIT_CONVERSION = YES;
				GCC_WARN_ABOUT_RETURN_TYPE = YES_ERROR;
				GCC_WARN_UNDECLARED_SELECTOR = YES;
				GCC_WARN_UNINITIALIZED_AUTOS = YES_AGGRESSIVE;
				GCC_WARN_UNUSED_FUNCTION = YES;
				GCC_WARN_UNUSED_VARIABLE = YES;
				IPHONEOS_DEPLOYMENT_TARGET = 14.4;
				MTL_ENABLE_DEBUG_INFO = NO;
				MTL_FAST_MATH = YES;
				SDKROOT = iphoneos;
				SWIFT_COMPILATION_MODE = wholemodule;
				SWIFT_OPTIMIZATION_LEVEL = "-O";
				VALIDATE_PRODUCT = YES;
			};
			name = Release;
		};
		49AEA2C526333B570072453E /* Debug */ = {
			isa = XCBuildConfiguration;
			buildSettings = {
				ASSETCATALOG_COMPILER_APPICON_NAME = AppIcon;
				ASSETCATALOG_COMPILER_GLOBAL_ACCENT_COLOR_NAME = AccentColor;
				CODE_SIGN_STYLE = Automatic;
				DEVELOPMENT_ASSET_PATHS = "\"PartyPlanner/Preview Content\"";
				DEVELOPMENT_TEAM = U6J4M45K4J;
				ENABLE_PREVIEWS = YES;
				INFOPLIST_FILE = PartyPlanner/Info.plist;
				IPHONEOS_DEPLOYMENT_TARGET = 14.0;
				LD_RUNPATH_SEARCH_PATHS = (
					"$(inherited)",
					"@executable_path/Frameworks",
				);
				PRODUCT_BUNDLE_IDENTIFIER = br.org.eldorado.PartyPlanner;
				PRODUCT_NAME = "$(TARGET_NAME)";
				SWIFT_VERSION = 5.0;
				TARGETED_DEVICE_FAMILY = "1,2";
			};
			name = Debug;
		};
		49AEA2C626333B570072453E /* Release */ = {
			isa = XCBuildConfiguration;
			buildSettings = {
				ASSETCATALOG_COMPILER_APPICON_NAME = AppIcon;
				ASSETCATALOG_COMPILER_GLOBAL_ACCENT_COLOR_NAME = AccentColor;
				CODE_SIGN_STYLE = Automatic;
				DEVELOPMENT_ASSET_PATHS = "\"PartyPlanner/Preview Content\"";
				DEVELOPMENT_TEAM = U6J4M45K4J;
				ENABLE_PREVIEWS = YES;
				INFOPLIST_FILE = PartyPlanner/Info.plist;
				IPHONEOS_DEPLOYMENT_TARGET = 14.0;
				LD_RUNPATH_SEARCH_PATHS = (
					"$(inherited)",
					"@executable_path/Frameworks",
				);
				PRODUCT_BUNDLE_IDENTIFIER = br.org.eldorado.PartyPlanner;
				PRODUCT_NAME = "$(TARGET_NAME)";
				SWIFT_VERSION = 5.0;
				TARGETED_DEVICE_FAMILY = "1,2";
			};
			name = Release;
		};
		49AEA2C826333B570072453E /* Debug */ = {
			isa = XCBuildConfiguration;
			buildSettings = {
				ALWAYS_EMBED_SWIFT_STANDARD_LIBRARIES = YES;
				BUNDLE_LOADER = "$(TEST_HOST)";
				CODE_SIGN_STYLE = Automatic;
				DEVELOPMENT_TEAM = U6J4M45K4J;
				INFOPLIST_FILE = SwiftUITutorialTests/Info.plist;
				IPHONEOS_DEPLOYMENT_TARGET = 14.0;
				LD_RUNPATH_SEARCH_PATHS = (
					"$(inherited)",
					"@executable_path/Frameworks",
					"@loader_path/Frameworks",
				);
				PRODUCT_BUNDLE_IDENTIFIER = br.org.eldorado.SwiftUITutorialTests;
				PRODUCT_NAME = "$(TARGET_NAME)";
				SWIFT_VERSION = 5.0;
				TARGETED_DEVICE_FAMILY = "1,2";
				TEST_HOST = "$(BUILT_PRODUCTS_DIR)/PartyPlanner.app/PartyPlanner";
			};
			name = Debug;
		};
		49AEA2C926333B570072453E /* Release */ = {
			isa = XCBuildConfiguration;
			buildSettings = {
				ALWAYS_EMBED_SWIFT_STANDARD_LIBRARIES = YES;
				BUNDLE_LOADER = "$(TEST_HOST)";
				CODE_SIGN_STYLE = Automatic;
				DEVELOPMENT_TEAM = U6J4M45K4J;
				INFOPLIST_FILE = SwiftUITutorialTests/Info.plist;
				IPHONEOS_DEPLOYMENT_TARGET = 14.0;
				LD_RUNPATH_SEARCH_PATHS = (
					"$(inherited)",
					"@executable_path/Frameworks",
					"@loader_path/Frameworks",
				);
				PRODUCT_BUNDLE_IDENTIFIER = br.org.eldorado.SwiftUITutorialTests;
				PRODUCT_NAME = "$(TARGET_NAME)";
				SWIFT_VERSION = 5.0;
				TARGETED_DEVICE_FAMILY = "1,2";
				TEST_HOST = "$(BUILT_PRODUCTS_DIR)/PartyPlanner.app/PartyPlanner";
			};
			name = Release;
		};
		49AEA2CB26333B570072453E /* Debug */ = {
			isa = XCBuildConfiguration;
			buildSettings = {
				ALWAYS_EMBED_SWIFT_STANDARD_LIBRARIES = YES;
				CODE_SIGN_STYLE = Automatic;
				DEVELOPMENT_TEAM = U6J4M45K4J;
				INFOPLIST_FILE = SwiftUITutorialUITests/Info.plist;
				LD_RUNPATH_SEARCH_PATHS = (
					"$(inherited)",
					"@executable_path/Frameworks",
					"@loader_path/Frameworks",
				);
				PRODUCT_BUNDLE_IDENTIFIER = br.org.eldorado.SwiftUITutorialUITests;
				PRODUCT_NAME = "$(TARGET_NAME)";
				SWIFT_VERSION = 5.0;
				TARGETED_DEVICE_FAMILY = "1,2";
				TEST_TARGET_NAME = SwiftUITutorial;
			};
			name = Debug;
		};
		49AEA2CC26333B570072453E /* Release */ = {
			isa = XCBuildConfiguration;
			buildSettings = {
				ALWAYS_EMBED_SWIFT_STANDARD_LIBRARIES = YES;
				CODE_SIGN_STYLE = Automatic;
				DEVELOPMENT_TEAM = U6J4M45K4J;
				INFOPLIST_FILE = SwiftUITutorialUITests/Info.plist;
				LD_RUNPATH_SEARCH_PATHS = (
					"$(inherited)",
					"@executable_path/Frameworks",
					"@loader_path/Frameworks",
				);
				PRODUCT_BUNDLE_IDENTIFIER = br.org.eldorado.SwiftUITutorialUITests;
				PRODUCT_NAME = "$(TARGET_NAME)";
				SWIFT_VERSION = 5.0;
				TARGETED_DEVICE_FAMILY = "1,2";
				TEST_TARGET_NAME = SwiftUITutorial;
			};
			name = Release;
		};
/* End XCBuildConfiguration section */

/* Begin XCConfigurationList section */
		49AEA29A26333B550072453E /* Build configuration list for PBXProject "PartyPlanner" */ = {
			isa = XCConfigurationList;
			buildConfigurations = (
				49AEA2C226333B570072453E /* Debug */,
				49AEA2C326333B570072453E /* Release */,
			);
			defaultConfigurationIsVisible = 0;
			defaultConfigurationName = Release;
		};
		49AEA2C426333B570072453E /* Build configuration list for PBXNativeTarget "PartyPlanner" */ = {
			isa = XCConfigurationList;
			buildConfigurations = (
				49AEA2C526333B570072453E /* Debug */,
				49AEA2C626333B570072453E /* Release */,
			);
			defaultConfigurationIsVisible = 0;
			defaultConfigurationName = Release;
		};
		49AEA2C726333B570072453E /* Build configuration list for PBXNativeTarget "PartyPlannerTests" */ = {
			isa = XCConfigurationList;
			buildConfigurations = (
				49AEA2C826333B570072453E /* Debug */,
				49AEA2C926333B570072453E /* Release */,
			);
			defaultConfigurationIsVisible = 0;
			defaultConfigurationName = Release;
		};
		49AEA2CA26333B570072453E /* Build configuration list for PBXNativeTarget "PartyPlannerUITests" */ = {
			isa = XCConfigurationList;
			buildConfigurations = (
				49AEA2CB26333B570072453E /* Debug */,
				49AEA2CC26333B570072453E /* Release */,
			);
			defaultConfigurationIsVisible = 0;
			defaultConfigurationName = Release;
		};
/* End XCConfigurationList section */
	};
	rootObject = 49AEA29726333B550072453E /* Project object */;
}
